
Microsoft Visual Studio Solution File, Format Version 12.00
Project("{2150E333-8FDC-42A3-9474-1A3956D46DE8}") = "src", "src", "{C5B55CD5-93E6-4396-8767-D527A90F92A9}"
EndProject
Project("{2150E333-8FDC-42A3-9474-1A3956D46DE8}") = "Core", "Core", "{2C9F3B22-D4AD-44EC-99C0-9063BEA2E9A5}"
EndProject
Project("{FAE04EC0-301F-11D3-BF4B-00C04F79EFBC}") = "GloboTicket.TicketManagement.Domain", "src\Core\GloboTicket.TicketManagement.Domain\GloboTicket.TicketManagement.Domain.csproj", "{A3067350-AE95-490B-8711-6EDD4633BE91}"
EndProject
Project("{FAE04EC0-301F-11D3-BF4B-00C04F79EFBC}") = "GloboTicket.TicketManagement.Application", "src\Core\GloboTicket.TicketManagement.Application\GloboTicket.TicketManagement.Application.csproj", "{026A78A0-843E-47A6-B5A2-F401C820E9AB}"
EndProject
Global
	GlobalSection(SolutionConfigurationPlatforms) = preSolution
		Debug|Any CPU = Debug|Any CPU
		Release|Any CPU = Release|Any CPU
	EndGlobalSection
	GlobalSection(NestedProjects) = preSolution
		{2C9F3B22-D4AD-44EC-99C0-9063BEA2E9A5} = {C5B55CD5-93E6-4396-8767-D527A90F92A9}
		{A3067350-AE95-490B-8711-6EDD4633BE91} = {2C9F3B22-D4AD-44EC-99C0-9063BEA2E9A5}
		{026A78A0-843E-47A6-B5A2-F401C820E9AB} = {2C9F3B22-D4AD-44EC-99C0-9063BEA2E9A5}
	EndGlobalSection
	GlobalSection(ProjectConfigurationPlatforms) = postSolution
		{A3067350-AE95-490B-8711-6EDD4633BE91}.Debug|Any CPU.ActiveCfg = Debug|Any CPU
		{A3067350-AE95-490B-8711-6EDD4633BE91}.Debug|Any CPU.Build.0 = Debug|Any CPU
		{A3067350-AE95-490B-8711-6EDD4633BE91}.Release|Any CPU.ActiveCfg = Release|Any CPU
		{A3067350-AE95-490B-8711-6EDD4633BE91}.Release|Any CPU.Build.0 = Release|Any CPU
		{026A78A0-843E-47A6-B5A2-F401C820E9AB}.Debug|Any CPU.ActiveCfg = Debug|Any CPU
		{026A78A0-843E-47A6-B5A2-F401C820E9AB}.Debug|Any CPU.Build.0 = Debug|Any CPU
		{026A78A0-843E-47A6-B5A2-F401C820E9AB}.Release|Any CPU.ActiveCfg = Release|Any CPU
		{026A78A0-843E-47A6-B5A2-F401C820E9AB}.Release|Any CPU.Build.0 = Release|Any CPU
	EndGlobalSection
EndGlobal
